
Microsoft Visual Studio Solution File, Format Version 11.00
# Visual Studio 2010
Project("{FAE04EC0-301F-11D3-BF4B-00C04F79EFBC}") = "PCategoria", "PCategoria\PCategoria.csproj", "{B6C9D176-F398-4E27-BCBE-35C5294F8B82}"
EndProject
Project("{FAE04EC0-301F-11D3-BF4B-00C04F79EFBC}") = "PSerpisAd", "..\PSerpisAd\PSerpisAd\PSerpisAd.csproj", "{AACB0FFF-D838-467F-9D91-42364005E334}"
EndProject
Global
	GlobalSection(SolutionConfigurationPlatforms) = preSolution
		Debug|x86 = Debug|x86
		Release|x86 = Release|x86
	EndGlobalSection
	GlobalSection(ProjectConfigurationPlatforms) = postSolution
		{AACB0FFF-D838-467F-9D91-42364005E334}.Debug|x86.ActiveCfg = Debug|Any CPU
		{AACB0FFF-D838-467F-9D91-42364005E334}.Debug|x86.Build.0 = Debug|Any CPU
		{AACB0FFF-D838-467F-9D91-42364005E334}.Release|x86.ActiveCfg = Release|Any CPU
		{AACB0FFF-D838-467F-9D91-42364005E334}.Release|x86.Build.0 = Release|Any CPU
		{B6C9D176-F398-4E27-BCBE-35C5294F8B82}.Debug|x86.ActiveCfg = Debug|x86
		{B6C9D176-F398-4E27-BCBE-35C5294F8B82}.Debug|x86.Build.0 = Debug|x86
		{B6C9D176-F398-4E27-BCBE-35C5294F8B82}.Release|x86.ActiveCfg = Release|x86
		{B6C9D176-F398-4E27-BCBE-35C5294F8B82}.Release|x86.Build.0 = Release|x86
	EndGlobalSection
	GlobalSection(MonoDevelopProperties) = preSolution
		StartupItem = PCategoria\PCategoria.csproj
	EndGlobalSection
EndGlobal
